
Microsoft Visual Studio Solution File, Format Version 12.00
# Visual Studio Version 17
VisualStudioVersion = 17.0.32014.148
MinimumVisualStudioVersion = 10.0.40219.1
Project("{FAE04EC0-301F-11D3-BF4B-00C04F79EFBC}") = "BlackJack_cSharp", "BlackJack_cSharp\BlackJack_cSharp.csproj", "{5DA9735F-961E-47E6-A6E5-C4F3D942E7D8}"
EndProject
Global
	GlobalSection(SolutionConfigurationPlatforms) = preSolution
		Debug|Any CPU = Debug|Any CPU
		Release|Any CPU = Release|Any CPU
	EndGlobalSection
	GlobalSection(ProjectConfigurationPlatforms) = postSolution
		{5DA9735F-961E-47E6-A6E5-C4F3D942E7D8}.Debug|Any CPU.ActiveCfg = Debug|Any CPU
		{5DA9735F-961E-47E6-A6E5-C4F3D942E7D8}.Debug|Any CPU.Build.0 = Debug|Any CPU
		{5DA9735F-961E-47E6-A6E5-C4F3D942E7D8}.Release|Any CPU.ActiveCfg = Release|Any CPU
		{5DA9735F-961E-47E6-A6E5-C4F3D942E7D8}.Release|Any CPU.Build.0 = Release|Any CPU
	EndGlobalSection
	GlobalSection(SolutionProperties) = preSolution
		HideSolutionNode = FALSE
	EndGlobalSection
	GlobalSection(ExtensibilityGlobals) = postSolution
		SolutionGuid = {DE9B6415-043A-435B-86BF-EA8453590DBF}
	EndGlobalSection
EndGlobal
